speakeasyVersion: 1.533.0
sources:
    Cribl API Reference:
        sourceNamespace: cribl-api-reference
        sourceRevisionDigest: sha256:bd286ec9f69fee6041dcc7b13b6fa48a736fed3d4decbf8a2737092dde0600bf
        sourceBlobDigest: sha256:897d32a7b40b7901f9d3c07409f946a65feb88cb0b983af9ff42c9091270fc46
        tags:
            - latest
            - 1.0.0
targets:
    cribl-terraform:
        source: Cribl API Reference
        sourceNamespace: cribl-api-reference
        sourceRevisionDigest: sha256:bd286ec9f69fee6041dcc7b13b6fa48a736fed3d4decbf8a2737092dde0600bf
        sourceBlobDigest: sha256:897d32a7b40b7901f9d3c07409f946a65feb88cb0b983af9ff42c9091270fc46
workflow:
    workflowVersion: 1.0.0
    speakeasyVersion: latest
    sources:
        Cribl API Reference:
            inputs:
                - location: openapi.yml
            registry:
                location: registry.speakeasyapi.dev/cribl/cribl/cribl-api-reference
    targets:
        cribl-terraform:
            target: terraform
            source: Cribl API Reference
            publish:
                terraform:
                    gpgPrivateKey: $terraform_gpg_private_key
                    gpgPassPhrase: $terraform_gpg_passphrase
