speakeasyVersion: 1.542.3
sources:
    Cribl API Reference:
        sourceNamespace: cribl-api-reference
        sourceRevisionDigest: sha256:5d1cb4e28d8b3406360c91edff833e447ef6e44e4e6a8702cb397cc65ee4dc5c
        sourceBlobDigest: sha256:ee015c70e848748dcd00190251322fe438cb65d4d4cc17bfc0bb7aa516ad71b7
        tags:
            - latest
            - 1.0.0
targets:
    cribl-terraform:
        source: Cribl API Reference
        sourceNamespace: cribl-api-reference
        sourceRevisionDigest: sha256:5d1cb4e28d8b3406360c91edff833e447ef6e44e4e6a8702cb397cc65ee4dc5c
        sourceBlobDigest: sha256:ee015c70e848748dcd00190251322fe438cb65d4d4cc17bfc0bb7aa516ad71b7
workflow:
    workflowVersion: 1.0.0
    speakeasyVersion: latest
    sources:
        Cribl API Reference:
            inputs:
                - location: openapi.yml
            registry:
                location: registry.speakeasyapi.dev/cribl/cribl/cribl-api-reference
    targets:
        cribl-terraform:
            target: terraform
            source: Cribl API Reference
            publish:
                terraform:
                    gpgPrivateKey: $terraform_gpg_private_key
                    gpgPassPhrase: $terraform_gpg_passphrase
