speakeasyVersion: 1.541.2
sources:
    Cribl API Reference:
        sourceNamespace: cribl-api-reference
        sourceRevisionDigest: sha256:1b41df5f3407f07bc4fe77798538037a193842913efe7aaa9e5bc09ead298f41
        sourceBlobDigest: sha256:f1673b088f5dc45a4d10fe7e57770df5969e6971b67f064fc970d81ed64056ac
        tags:
            - latest
            - 1.0.0
targets:
    cribl-terraform:
        source: Cribl API Reference
        sourceNamespace: cribl-api-reference
        sourceRevisionDigest: sha256:1b41df5f3407f07bc4fe77798538037a193842913efe7aaa9e5bc09ead298f41
        sourceBlobDigest: sha256:f1673b088f5dc45a4d10fe7e57770df5969e6971b67f064fc970d81ed64056ac
workflow:
    workflowVersion: 1.0.0
    speakeasyVersion: latest
    sources:
        Cribl API Reference:
            inputs:
                - location: openapi.yml
            registry:
                location: registry.speakeasyapi.dev/cribl/cribl/cribl-api-reference
    targets:
        cribl-terraform:
            target: terraform
            source: Cribl API Reference
            publish:
                terraform:
                    gpgPrivateKey: $terraform_gpg_private_key
                    gpgPassPhrase: $terraform_gpg_passphrase
